
Microsoft Visual Studio Solution File, Format Version 12.00
# Visual Studio Version 17
VisualStudioVersion = 17.14.36705.20 d17.14
MinimumVisualStudioVersion = 10.0.40219.1
Project("{FAE04EC0-301F-11D3-BF4B-00C04F79EFBC}") = "AdminProgram", "AdminProgram\AdminProgram.csproj", "{AAF58079-E536-4CA3-A170-7B217C897EEF}"
EndProject
Global
	GlobalSection(SolutionConfigurationPlatforms) = preSolution
		Debug|Any CPU = Debug|Any CPU
		Release|Any CPU = Release|Any CPU
	EndGlobalSection
	GlobalSection(ProjectConfigurationPlatforms) = postSolution
		{AAF58079-E536-4CA3-A170-7B217C897EEF}.Debug|Any CPU.ActiveCfg = Debug|Any CPU
		{AAF58079-E536-4CA3-A170-7B217C897EEF}.Debug|Any CPU.Build.0 = Debug|Any CPU
		{AAF58079-E536-4CA3-A170-7B217C897EEF}.Release|Any CPU.ActiveCfg = Release|Any CPU
		{AAF58079-E536-4CA3-A170-7B217C897EEF}.Release|Any CPU.Build.0 = Release|Any CPU
	EndGlobalSection
	GlobalSection(SolutionProperties) = preSolution
		HideSolutionNode = FALSE
	EndGlobalSection
	GlobalSection(ExtensibilityGlobals) = postSolution
		SolutionGuid = {C498CF37-21DE-4BEF-AE4B-2122BC2B442A}
	EndGlobalSection
EndGlobal
